// !$*UTF8*$!
{
	archiveVersion = 1;
	classes = {
	};
	objectVersion = 46;
	objects = {

/* Begin PBXBuildFile section */
		4C9DD30E1E00766A00894FFC /* main.cpp in Sources */ = {isa = PBXBuildFile; fileRef = 4C9DD30D1E00766A00894FFC /* main.cpp */; };
		4CEB3DFA1E0AB44E00234C33 /* single.cpp in Sources */ = {isa = PBXBuildFile; fileRef = 4CEB3DF81E0AB44E00234C33 /* single.cpp */; };
		4CEB3DFD1E0AB4BF00234C33 /* object.cpp in Sources */ = {isa = PBXBuildFile; fileRef = 4CEB3DFB1E0AB4BF00234C33 /* object.cpp */; };
		4CEB3E001E0AB50D00234C33 /* group.cpp in Sources */ = {isa = PBXBuildFile; fileRef = 4CEB3DFE1E0AB50D00234C33 /* group.cpp */; };
		4CEB3E0A1E0ABB5100234C33 /* shop.cpp in Sources */ = {isa = PBXBuildFile; fileRef = 4CEB3E081E0ABB5100234C33 /* shop.cpp */; };
/* End PBXBuildFile section */

/* Begin PBXCopyFilesBuildPhase section */
		4C9DD3081E00766A00894FFC /* CopyFiles */ = {
			isa = PBXCopyFilesBuildPhase;
			buildActionMask = 2147483647;
			dstPath = /usr/share/man/man1/;
			dstSubfolderSpec = 0;
			files = (
			);
			runOnlyForDeploymentPostprocessing = 1;
		};
/* End PBXCopyFilesBuildPhase section */

/* Begin PBXFileReference section */
		4C9DD30A1E00766A00894FFC /* composite */ = {isa = PBXFileReference; explicitFileType = "compiled.mach-o.executable"; includeInIndex = 0; path = composite; sourceTree = BUILT_PRODUCTS_DIR; };
		4C9DD30D1E00766A00894FFC /* main.cpp */ = {isa = PBXFileReference; lastKnownFileType = sourcecode.cpp.cpp; path = main.cpp; sourceTree = "<group>"; };
		4CEB3DF81E0AB44E00234C33 /* single.cpp */ = {isa = PBXFileReference; fileEncoding = 4; lastKnownFileType = sourcecode.cpp.cpp; path = single.cpp; sourceTree = "<group>"; };
		4CEB3DF91E0AB44E00234C33 /* single.hpp */ = {isa = PBXFileReference; fileEncoding = 4; lastKnownFileType = sourcecode.cpp.h; path = single.hpp; sourceTree = "<group>"; };
		4CEB3DFB1E0AB4BF00234C33 /* object.cpp */ = {isa = PBXFileReference; fileEncoding = 4; lastKnownFileType = sourcecode.cpp.cpp; path = object.cpp; sourceTree = "<group>"; };
		4CEB3DFC1E0AB4BF00234C33 /* object.hpp */ = {isa = PBXFileReference; fileEncoding = 4; lastKnownFileType = sourcecode.cpp.h; path = object.hpp; sourceTree = "<group>"; };
		4CEB3DFE1E0AB50D00234C33 /* group.cpp */ = {isa = PBXFileReference; fileEncoding = 4; lastKnownFileType = sourcecode.cpp.cpp; path = group.cpp; sourceTree = "<group>"; };
		4CEB3DFF1E0AB50D00234C33 /* group.hpp */ = {isa = PBXFileReference; fileEncoding = 4; lastKnownFileType = sourcecode.cpp.h; path = group.hpp; sourceTree = "<group>"; };
		4CEB3E011E0AB55D00234C33 /* global.h */ = {isa = PBXFileReference; lastKnownFileType = sourcecode.c.h; path = global.h; sourceTree = "<group>"; };
		4CEB3E081E0ABB5100234C33 /* shop.cpp */ = {isa = PBXFileReference; fileEncoding = 4; lastKnownFileType = sourcecode.cpp.cpp; path = shop.cpp; sourceTree = "<group>"; };
		4CEB3E091E0ABB5100234C33 /* shop.hpp */ = {isa = PBXFileReference; fileEncoding = 4; lastKnownFileType = sourcecode.cpp.h; path = shop.hpp; sourceTree = "<group>"; };
/* End PBXFileReference section */

/* Begin PBXFrameworksBuildPhase section */
		4C9DD3071E00766A00894FFC /* Frameworks */ = {
			isa = PBXFrameworksBuildPhase;
			buildActionMask = 2147483647;
			files = (
			);
			runOnlyForDeploymentPostprocessing = 0;
		};
/* End PBXFrameworksBuildPhase section */

/* Begin PBXGroup section */
		4C9DD3011E00766A00894FFC = {
			isa = PBXGroup;
			children = (
				4C9DD30C1E00766A00894FFC /* composite */,
				4C9DD30B1E00766A00894FFC /* Products */,
			);
			sourceTree = "<group>";
		};
		4C9DD30B1E00766A00894FFC /* Products */ = {
			isa = PBXGroup;
			children = (
				4C9DD30A1E00766A00894FFC /* composite */,
			);
			name = Products;
			sourceTree = "<group>";
		};
		4C9DD30C1E00766A00894FFC /* composite */ = {
			isa = PBXGroup;
			children = (
				4C9DD30D1E00766A00894FFC /* main.cpp */,
				4CEB3DF81E0AB44E00234C33 /* single.cpp */,
				4CEB3DF91E0AB44E00234C33 /* single.hpp */,
				4CEB3DFB1E0AB4BF00234C33 /* object.cpp */,
				4CEB3DFC1E0AB4BF00234C33 /* object.hpp */,
				4CEB3DFE1E0AB50D00234C33 /* group.cpp */,
				4CEB3DFF1E0AB50D00234C33 /* group.hpp */,
				4CEB3E011E0AB55D00234C33 /* global.h */,
				4CEB3E081E0ABB5100234C33 /* shop.cpp */,
				4CEB3E091E0ABB5100234C33 /* shop.hpp */,
			);
			path = composite;
			sourceTree = "<group>";
		};
/* End PBXGroup section */

/* Begin PBXNativeTarget section */
		4C9DD3091E00766A00894FFC /* composite */ = {
			isa = PBXNativeTarget;
			buildConfigurationList = 4C9DD3111E00766A00894FFC /* Build configuration list for PBXNativeTarget "composite" */;
			buildPhases = (
				4C9DD3061E00766A00894FFC /* Sources */,
				4C9DD3071E00766A00894FFC /* Frameworks */,
				4C9DD3081E00766A00894FFC /* CopyFiles */,
			);
			buildRules = (
			);
			dependencies = (
			);
			name = composite;
			productName = composite;
			productReference = 4C9DD30A1E00766A00894FFC /* composite */;
			productType = "com.apple.product-type.tool";
		};
/* End PBXNativeTarget section */

/* Begin PBXProject section */
		4C9DD3021E00766A00894FFC /* Project object */ = {
			isa = PBXProject;
			attributes = {
				LastUpgradeCheck = 0810;
				ORGANIZATIONNAME = Cathy;
				TargetAttributes = {
					4C9DD3091E00766A00894FFC = {
						CreatedOnToolsVersion = 8.1;
						ProvisioningStyle = Automatic;
					};
				};
			};
			buildConfigurationList = 4C9DD3051E00766A00894FFC /* Build configuration list for PBXProject "composite" */;
			compatibilityVersion = "Xcode 3.2";
			developmentRegion = English;
			hasScannedForEncodings = 0;
			knownRegions = (
				en,
			);
			mainGroup = 4C9DD3011E00766A00894FFC;
			productRefGroup = 4C9DD30B1E00766A00894FFC /* Products */;
			projectDirPath = "";
			projectRoot = "";
			targets = (
				4C9DD3091E00766A00894FFC /* composite */,
			);
		};
/* End PBXProject section */

/* Begin PBXSourcesBuildPhase section */
		4C9DD3061E00766A00894FFC /* Sources */ = {
			isa = PBXSourcesBuildPhase;
			buildActionMask = 2147483647;
			files = (
				4CEB3DFA1E0AB44E00234C33 /* single.cpp in Sources */,
				4CEB3E001E0AB50D00234C33 /* group.cpp in Sources */,
				4C9DD30E1E00766A00894FFC /* main.cpp in Sources */,
				4CEB3DFD1E0AB4BF00234C33 /* object.cpp in Sources */,
				4CEB3E0A1E0ABB5100234C33 /* shop.cpp in Sources */,
			);
			runOnlyForDeploymentPostprocessing = 0;
		};
/* End PBXSourcesBuildPhase section */

/* Begin XCBuildConfiguration section */
		4C9DD30F1E00766A00894FFC /* Debug */ = {
			isa = XCBuildConfiguration;
			buildSettings = {
				ALWAYS_SEARCH_USER_PATHS = NO;
				CLANG_ANALYZER_NONNULL = YES;
				CLANG_CXX_LANGUAGE_STANDARD = "gnu++0x";
				CLANG_CXX_LIBRARY = "libc++";
				CLANG_ENABLE_MODULES = YES;
				CLANG_ENABLE_OBJC_ARC = YES;
				CLANG_WARN_BOOL_CONVERSION = YES;
				CLANG_WARN_CONSTANT_CONVERSION = YES;
				CLANG_WARN_DIRECT_OBJC_ISA_USAGE = YES_ERROR;
				CLANG_WARN_DOCUMENTATION_COMMENTS = YES;
				CLANG_WARN_EMPTY_BODY = YES;
				CLANG_WARN_ENUM_CONVERSION = YES;
				CLANG_WARN_INFINITE_RECURSION = YES;
				CLANG_WARN_INT_CONVERSION = YES;
				CLANG_WARN_OBJC_ROOT_CLASS = YES_ERROR;
				CLANG_WARN_SUSPICIOUS_MOVES = YES;
				CLANG_WARN_UNREACHABLE_CODE = YES;
				CLANG_WARN__DUPLICATE_METHOD_MATCH = YES;
				CODE_SIGN_IDENTITY = "-";
				COPY_PHASE_STRIP = NO;
				DEBUG_INFORMATION_FORMAT = dwarf;
				ENABLE_STRICT_OBJC_MSGSEND = YES;
				ENABLE_TESTABILITY = YES;
				GCC_C_LANGUAGE_STANDARD = gnu99;
				GCC_DYNAMIC_NO_PIC = NO;
				GCC_NO_COMMON_BLOCKS = YES;
				GCC_OPTIMIZATION_LEVEL = 0;
				GCC_PREPROCESSOR_DEFINITIONS = (
					"DEBUG=1",
					"$(inherited)",
				);
				GCC_WARN_64_TO_32_BIT_CONVERSION = YES;
				GCC_WARN_ABOUT_RETURN_TYPE = YES_ERROR;
				GCC_WARN_UNDECLARED_SELECTOR = YES;
				GCC_WARN_UNINITIALIZED_AUTOS = YES_AGGRESSIVE;
				GCC_WARN_UNUSED_FUNCTION = YES;
				GCC_WARN_UNUSED_VARIABLE = YES;
				MACOSX_DEPLOYMENT_TARGET = 10.12;
				MTL_ENABLE_DEBUG_INFO = YES;
				ONLY_ACTIVE_ARCH = YES;
				SDKROOT = macosx;
			};
			name = Debug;
		};
		4C9DD3101E00766A00894FFC /* Release */ = {
			isa = XCBuildConfiguration;
			buildSettings = {
				ALWAYS_SEARCH_USER_PATHS = NO;
				CLANG_ANALYZER_NONNULL = YES;
				CLANG_CXX_LANGUAGE_STANDARD = "gnu++0x";
				CLANG_CXX_LIBRARY = "libc++";
				CLANG_ENABLE_MODULES = YES;
				CLANG_ENABLE_OBJC_ARC = YES;
				CLANG_WARN_BOOL_CONVERSION = YES;
				CLANG_WARN_CONSTANT_CONVERSION = YES;
				CLANG_WARN_DIRECT_OBJC_ISA_USAGE = YES_ERROR;
				CLANG_WARN_DOCUMENTATION_COMMENTS = YES;
				CLANG_WARN_EMPTY_BODY = YES;
				CLANG_WARN_ENUM_CONVERSION = YES;
				CLANG_WARN_INFINITE_RECURSION = YES;
				CLANG_WARN_INT_CONVERSION = YES;
				CLANG_WARN_OBJC_ROOT_CLASS = YES_ERROR;
				CLANG_WARN_SUSPICIOUS_MOVES = YES;
				CLANG_WARN_UNREACHABLE_CODE = YES;
				CLANG_WARN__DUPLICATE_METHOD_MATCH = YES;
				CODE_SIGN_IDENTITY = "-";
				COPY_PHASE_STRIP = NO;
				DEBUG_INFORMATION_FORMAT = "dwarf-with-dsym";
				ENABLE_NS_ASSERTIONS = NO;
				ENABLE_STRICT_OBJC_MSGSEND = YES;
				GCC_C_LANGUAGE_STANDARD = gnu99;
				GCC_NO_COMMON_BLOCKS = YES;
				GCC_WARN_64_TO_32_BIT_CONVERSION = YES;
				GCC_WARN_ABOUT_RETURN_TYPE = YES_ERROR;
				GCC_WARN_UNDECLARED_SELECTOR = YES;
				GCC_WARN_UNINITIALIZED_AUTOS = YES_AGGRESSIVE;
				GCC_WARN_UNUSED_FUNCTION = YES;
				GCC_WARN_UNUSED_VARIABLE = YES;
				MACOSX_DEPLOYMENT_TARGET = 10.12;
				MTL_ENABLE_DEBUG_INFO = NO;
				SDKROOT = macosx;
			};
			name = Release;
		};
		4C9DD3121E00766A00894FFC /* Debug */ = {
			isa = XCBuildConfiguration;
			buildSettings = {
				PRODUCT_NAME = "$(TARGET_NAME)";
			};
			name = Debug;
		};
		4C9DD3131E00766A00894FFC /* Release */ = {
			isa = XCBuildConfiguration;
			buildSettings = {
				PRODUCT_NAME = "$(TARGET_NAME)";
			};
			name = Release;
		};
/* End XCBuildConfiguration section */

/* Begin XCConfigurationList section */
		4C9DD3051E00766A00894FFC /* Build configuration list for PBXProject "composite" */ = {
			isa = XCConfigurationList;
			buildConfigurations = (
				4C9DD30F1E00766A00894FFC /* Debug */,
				4C9DD3101E00766A00894FFC /* Release */,
			);
			defaultConfigurationIsVisible = 0;
			defaultConfigurationName = Release;
		};
		4C9DD3111E00766A00894FFC /* Build configuration list for PBXNativeTarget "composite" */ = {
			isa = XCConfigurationList;
			buildConfigurations = (
				4C9DD3121E00766A00894FFC /* Debug */,
				4C9DD3131E00766A00894FFC /* Release */,
			);
			defaultConfigurationIsVisible = 0;
			defaultConfigurationName = Release;
		};
/* End XCConfigurationList section */
	};
	rootObject = 4C9DD3021E00766A00894FFC /* Project object */;
}
